{
  "version": 4,
  "terraform_version": "1.4.3",
  "serial": 1,
  "lineage": "7809ea2b-32b5-7f75-0548-5c28dd03b41f",
  "outputs": {},
  "resources": [
    {
      "mode": "managed",
      "type": "digitalocean_project",
      "name": "ri-cs",
      "provider": "provider[\"registry.terraform.io/digitalocean/digitalocean\"]",
      "instances": [
        {
          "schema_version": 0,
          "attributes": {
            "created_at": "2023-04-09T22:17:30Z",
            "description": "The default Ri-CS project",
            "environment": "Production",
            "id": "ef747f6c-7be9-4cbe-9d4b-7695daa17fc5",
            "is_default": false,
            "name": "ri-cs",
            "owner_id": 13915880,
            "owner_uuid": "1f668a26-1742-45d6-b62c-971521b8ddac",
            "purpose": "Web Application",
            "resources": [],
            "timeouts": null,
            "updated_at": "2023-04-09T22:17:30Z"
          },
          "sensitive_attributes": [],
          "private": "eyJlMmJmYjczMC1lY2FhLTExZTYtOGY4OC0zNDM2M2JjN2M0YzAiOnsiZGVsZXRlIjoxODAwMDAwMDAwMDB9fQ=="
        }
      ]
    }
  ],
  "check_results": null
}
